
Microsoft Visual Studio Solution File, Format Version 12.00
# Visual Studio Version 16
VisualStudioVersion = 16.0.28803.352
MinimumVisualStudioVersion = 10.0.40219.1
Project("{8BC9CEB8-8B4A-11D0-8D11-00A0C91BC942}") = "SvgLib", "SvgLib\SvgLib.vcxproj", "{27FEBD30-33EA-4BCE-9E0E-E1724B5803F8}"
EndProject
Project("{8BC9CEB8-8B4A-11D0-8D11-00A0C91BC942}") = "SvgLib.Test", "SvgLib.Test\SvgLib.Test.vcxproj", "{4B1F48C0-6EE0-4C72-8CAE-C6A301F966C0}"
EndProject
Global
	GlobalSection(SolutionConfigurationPlatforms) = preSolution
		Debug|x64 = Debug|x64
		Debug|x86 = Debug|x86
		Release|x64 = Release|x64
		Release|x86 = Release|x86
	EndGlobalSection
	GlobalSection(ProjectConfigurationPlatforms) = postSolution
		{27FEBD30-33EA-4BCE-9E0E-E1724B5803F8}.Debug|x64.ActiveCfg = Debug|x64
		{27FEBD30-33EA-4BCE-9E0E-E1724B5803F8}.Debug|x64.Build.0 = Debug|x64
		{27FEBD30-33EA-4BCE-9E0E-E1724B5803F8}.Debug|x86.ActiveCfg = Debug|Win32
		{27FEBD30-33EA-4BCE-9E0E-E1724B5803F8}.Debug|x86.Build.0 = Debug|Win32
		{27FEBD30-33EA-4BCE-9E0E-E1724B5803F8}.Release|x64.ActiveCfg = Release|x64
		{27FEBD30-33EA-4BCE-9E0E-E1724B5803F8}.Release|x64.Build.0 = Release|x64
		{27FEBD30-33EA-4BCE-9E0E-E1724B5803F8}.Release|x86.ActiveCfg = Release|Win32
		{27FEBD30-33EA-4BCE-9E0E-E1724B5803F8}.Release|x86.Build.0 = Release|Win32
		{4B1F48C0-6EE0-4C72-8CAE-C6A301F966C0}.Debug|x64.ActiveCfg = Debug|x64
		{4B1F48C0-6EE0-4C72-8CAE-C6A301F966C0}.Debug|x64.Build.0 = Debug|x64
		{4B1F48C0-6EE0-4C72-8CAE-C6A301F966C0}.Debug|x86.ActiveCfg = Debug|Win32
		{4B1F48C0-6EE0-4C72-8CAE-C6A301F966C0}.Debug|x86.Build.0 = Debug|Win32
		{4B1F48C0-6EE0-4C72-8CAE-C6A301F966C0}.Release|x64.ActiveCfg = Release|x64
		{4B1F48C0-6EE0-4C72-8CAE-C6A301F966C0}.Release|x64.Build.0 = Release|x64
		{4B1F48C0-6EE0-4C72-8CAE-C6A301F966C0}.Release|x86.ActiveCfg = Release|Win32
		{4B1F48C0-6EE0-4C72-8CAE-C6A301F966C0}.Release|x86.Build.0 = Release|Win32
	EndGlobalSection
	GlobalSection(SolutionProperties) = preSolution
		HideSolutionNode = FALSE
	EndGlobalSection
	GlobalSection(ExtensibilityGlobals) = postSolution
		SolutionGuid = {F4592508-9609-4C89-9CD6-65CAC44B473C}
	EndGlobalSection
EndGlobal
